
Microsoft Visual Studio Solution File, Format Version 12.00
# Visual Studio Version 17
VisualStudioVersion = 17.11.35431.28
MinimumVisualStudioVersion = 10.0.40219.1
Project("{FAE04EC0-301F-11D3-BF4B-00C04F79EFBC}") = "application", "application.csproj", "{EA76608E-E71D-4BC3-BFB0-0BB4DC7760DB}"
EndProject
Global
	GlobalSection(SolutionConfigurationPlatforms) = preSolution
		Debug|Any CPU = Debug|Any CPU
		Release|Any CPU = Release|Any CPU
	EndGlobalSection
	GlobalSection(ProjectConfigurationPlatforms) = postSolution
		{EA76608E-E71D-4BC3-BFB0-0BB4DC7760DB}.Debug|Any CPU.ActiveCfg = Debug|Any CPU
		{EA76608E-E71D-4BC3-BFB0-0BB4DC7760DB}.Debug|Any CPU.Build.0 = Debug|Any CPU
		{EA76608E-E71D-4BC3-BFB0-0BB4DC7760DB}.Release|Any CPU.ActiveCfg = Release|Any CPU
		{EA76608E-E71D-4BC3-BFB0-0BB4DC7760DB}.Release|Any CPU.Build.0 = Release|Any CPU
	EndGlobalSection
	GlobalSection(SolutionProperties) = preSolution
		HideSolutionNode = FALSE
	EndGlobalSection
	GlobalSection(ExtensibilityGlobals) = postSolution
		SolutionGuid = {CE77E6B0-04DF-4001-A91B-A241B23A0019}
	EndGlobalSection
EndGlobal
